
Microsoft Visual Studio Solution File, Format Version 12.00
# Visual Studio Version 17
VisualStudioVersion = 17.7.34031.279
MinimumVisualStudioVersion = 10.0.40219.1
Project("{FAE04EC0-301F-11D3-BF4B-00C04F79EFBC}") = "MitchellDelegatesDemo", "MitchellDelegatesDemo\MitchellDelegatesDemo.csproj", "{E32C37A2-B411-452C-B0BF-0FF77C352478}"
EndProject
Global
	GlobalSection(SolutionConfigurationPlatforms) = preSolution
		Debug|Any CPU = Debug|Any CPU
		Release|Any CPU = Release|Any CPU
	EndGlobalSection
	GlobalSection(ProjectConfigurationPlatforms) = postSolution
		{E32C37A2-B411-452C-B0BF-0FF77C352478}.Debug|Any CPU.ActiveCfg = Debug|Any CPU
		{E32C37A2-B411-452C-B0BF-0FF77C352478}.Debug|Any CPU.Build.0 = Debug|Any CPU
		{E32C37A2-B411-452C-B0BF-0FF77C352478}.Release|Any CPU.ActiveCfg = Release|Any CPU
		{E32C37A2-B411-452C-B0BF-0FF77C352478}.Release|Any CPU.Build.0 = Release|Any CPU
	EndGlobalSection
	GlobalSection(SolutionProperties) = preSolution
		HideSolutionNode = FALSE
	EndGlobalSection
	GlobalSection(ExtensibilityGlobals) = postSolution
		SolutionGuid = {3E15EEAD-DD1B-4C5A-B112-F4053C0BA418}
	EndGlobalSection
EndGlobal
